
Microsoft Visual Studio Solution File, Format Version 12.00
# Visual Studio Version 16
VisualStudioVersion = 16.0.31911.196
MinimumVisualStudioVersion = 10.0.40219.1
Project("{9A19103F-16F7-4668-BE54-9A1E7A4F7556}") = "OOP21-wazzle-csharp", "OOP21-wazzle-csharp\OOP21-wazzle-csharp.csproj", "{70528CE3-2566-40BB-AAF9-0DCCA0286CAF}"
EndProject
Project("{9A19103F-16F7-4668-BE54-9A1E7A4F7556}") = "TestCastellucci", "TestCastellucci\TestCastellucci.csproj", "{22B3E80F-26F7-4682-B2B7-8E2F81B06BB0}"
EndProject
Project("{FAE04EC0-301F-11D3-BF4B-00C04F79EFBC}") = "TestSamore", "TestSamore\TestSamore.csproj", "{989F3C52-0EBA-4B49-AAF6-70AF17BD453C}"
EndProject
Global
	GlobalSection(SolutionConfigurationPlatforms) = preSolution
		Debug|Any CPU = Debug|Any CPU
		Release|Any CPU = Release|Any CPU
	EndGlobalSection
	GlobalSection(ProjectConfigurationPlatforms) = postSolution
		{70528CE3-2566-40BB-AAF9-0DCCA0286CAF}.Debug|Any CPU.ActiveCfg = Debug|Any CPU
		{70528CE3-2566-40BB-AAF9-0DCCA0286CAF}.Debug|Any CPU.Build.0 = Debug|Any CPU
		{70528CE3-2566-40BB-AAF9-0DCCA0286CAF}.Release|Any CPU.ActiveCfg = Release|Any CPU
		{70528CE3-2566-40BB-AAF9-0DCCA0286CAF}.Release|Any CPU.Build.0 = Release|Any CPU
		{22B3E80F-26F7-4682-B2B7-8E2F81B06BB0}.Debug|Any CPU.ActiveCfg = Debug|Any CPU
		{22B3E80F-26F7-4682-B2B7-8E2F81B06BB0}.Debug|Any CPU.Build.0 = Debug|Any CPU
		{22B3E80F-26F7-4682-B2B7-8E2F81B06BB0}.Release|Any CPU.ActiveCfg = Release|Any CPU
		{22B3E80F-26F7-4682-B2B7-8E2F81B06BB0}.Release|Any CPU.Build.0 = Release|Any CPU
		{989F3C52-0EBA-4B49-AAF6-70AF17BD453C}.Debug|Any CPU.ActiveCfg = Debug|Any CPU
		{989F3C52-0EBA-4B49-AAF6-70AF17BD453C}.Debug|Any CPU.Build.0 = Debug|Any CPU
		{989F3C52-0EBA-4B49-AAF6-70AF17BD453C}.Release|Any CPU.ActiveCfg = Release|Any CPU
		{989F3C52-0EBA-4B49-AAF6-70AF17BD453C}.Release|Any CPU.Build.0 = Release|Any CPU
	EndGlobalSection
	GlobalSection(SolutionProperties) = preSolution
		HideSolutionNode = FALSE
	EndGlobalSection
	GlobalSection(ExtensibilityGlobals) = postSolution
		SolutionGuid = {CCDF6DE1-AF12-477B-A293-7999730BA0C3}
	EndGlobalSection
EndGlobal
