
Microsoft Visual Studio Solution File, Format Version 12.00
# Visual Studio Version 16
VisualStudioVersion = 16.0.31911.196
MinimumVisualStudioVersion = 10.0.40219.1
Project("{FAE04EC0-301F-11D3-BF4B-00C04F79EFBC}") = "OOP21-wazzle-csharp", "OOP21-wazzle-csharp\OOP21-wazzle-csharp.csproj", "{70528CE3-2566-40BB-AAF9-0DCCA0286CAF}"
EndProject
Global
	GlobalSection(SolutionConfigurationPlatforms) = preSolution
		Debug|Any CPU = Debug|Any CPU
		Release|Any CPU = Release|Any CPU
	EndGlobalSection
	GlobalSection(ProjectConfigurationPlatforms) = postSolution
		{70528CE3-2566-40BB-AAF9-0DCCA0286CAF}.Debug|Any CPU.ActiveCfg = Debug|Any CPU
		{70528CE3-2566-40BB-AAF9-0DCCA0286CAF}.Debug|Any CPU.Build.0 = Debug|Any CPU
		{70528CE3-2566-40BB-AAF9-0DCCA0286CAF}.Release|Any CPU.ActiveCfg = Release|Any CPU
		{70528CE3-2566-40BB-AAF9-0DCCA0286CAF}.Release|Any CPU.Build.0 = Release|Any CPU
	EndGlobalSection
	GlobalSection(SolutionProperties) = preSolution
		HideSolutionNode = FALSE
	EndGlobalSection
	GlobalSection(ExtensibilityGlobals) = postSolution
		SolutionGuid = {CCDF6DE1-AF12-477B-A293-7999730BA0C3}
	EndGlobalSection
EndGlobal
